{
  "lockfile_version": "1",
  "packages": {
    "keycloak@latest": {
      "last_modified": "2024-06-22T18:46:48Z",
      "resolved": "github:NixOS/nixpkgs/9693852a2070b398ee123a329e68f0dab5526681#keycloak",
      "source": "devbox-search",
      "version": "25.0.1",
      "systems": {
        "aarch64-darwin": {
          "outputs": [
            {
              "name": "out",
              "path": "/nix/store/lk7zq1zq0jqx592k6milggbvkrqxck4g-keycloak-25.0.1",
              "default": true
            }
          ],
          "store_path": "/nix/store/lk7zq1zq0jqx592k6milggbvkrqxck4g-keycloak-25.0.1"
        },
        "aarch64-linux": {
          "outputs": [
            {
              "name": "out",
              "path": "/nix/store/dbh2spydzr4hjbqac4vr73lcm8wyx15n-keycloak-25.0.1",
              "default": true
            }
          ],
          "store_path": "/nix/store/dbh2spydzr4hjbqac4vr73lcm8wyx15n-keycloak-25.0.1"
        },
        "x86_64-darwin": {
          "outputs": [
            {
              "name": "out",
              "path": "/nix/store/zkqhnhd8nlalngq7s8x2fpfidn44ry3i-keycloak-25.0.1",
              "default": true
            }
          ],
          "store_path": "/nix/store/zkqhnhd8nlalngq7s8x2fpfidn44ry3i-keycloak-25.0.1"
        },
        "x86_64-linux": {
          "outputs": [
            {
              "name": "out",
              "path": "/nix/store/qpzj3pd9g5ca6zb7fs9cxlxav8yafmf3-keycloak-25.0.1",
              "default": true
            }
          ],
          "store_path": "/nix/store/qpzj3pd9g5ca6zb7fs9cxlxav8yafmf3-keycloak-25.0.1"
        }
      }
    },
    "opentofu@latest": {
      "last_modified": "2024-06-12T20:55:33Z",
      "resolved": "github:NixOS/nixpkgs/a9858885e197f984d92d7fe64e9fff6b2e488d40#opentofu",
      "source": "devbox-search",
      "version": "1.7.2",
      "systems": {
        "aarch64-darwin": {
          "outputs": [
            {
              "name": "out",
              "path": "/nix/store/nlm1s17pndgiv2bszkcx5njpgakz63s5-opentofu-1.7.2",
              "default": true
            }
          ],
          "store_path": "/nix/store/nlm1s17pndgiv2bszkcx5njpgakz63s5-opentofu-1.7.2"
        },
        "aarch64-linux": {
          "outputs": [
            {
              "name": "out",
              "path": "/nix/store/fwkhfwhjlypzrv47c8apia2jqs8c6c08-opentofu-1.7.2",
              "default": true
            }
          ],
          "store_path": "/nix/store/fwkhfwhjlypzrv47c8apia2jqs8c6c08-opentofu-1.7.2"
        },
        "x86_64-darwin": {
          "outputs": [
            {
              "name": "out",
              "path": "/nix/store/pf6vpmbxdanmmh7gj8in59x79180kxxs-opentofu-1.7.2",
              "default": true
            }
          ],
          "store_path": "/nix/store/pf6vpmbxdanmmh7gj8in59x79180kxxs-opentofu-1.7.2"
        },
        "x86_64-linux": {
          "outputs": [
            {
              "name": "out",
              "path": "/nix/store/b4z7g8z3n42lm3c5ydd3haadc0v5drmd-opentofu-1.7.2",
              "default": true
            }
          ],
          "store_path": "/nix/store/b4z7g8z3n42lm3c5ydd3haadc0v5drmd-opentofu-1.7.2"
        }
      }
    },
    "ruby@3.3.2": {
      "last_modified": "2024-06-12T20:55:33Z",
      "plugin_version": "0.0.2",
      "resolved": "github:NixOS/nixpkgs/a9858885e197f984d92d7fe64e9fff6b2e488d40#ruby_3_3",
      "source": "devbox-search",
      "version": "3.3.2",
      "systems": {
        "aarch64-darwin": {
          "outputs": [
            {
              "name": "out",
              "path": "/nix/store/p65c4di2sr6km07j05jbp49vq97vs561-ruby-3.3.2",
              "default": true
            },
            {
              "name": "devdoc",
              "path": "/nix/store/23pwahvj4jrd8jbsfv1wfn475a3dmppk-ruby-3.3.2-devdoc"
            }
          ],
          "store_path": "/nix/store/p65c4di2sr6km07j05jbp49vq97vs561-ruby-3.3.2"
        },
        "aarch64-linux": {
          "outputs": [
            {
              "name": "out",
              "path": "/nix/store/zzh539x0s6rlr6ph339p3dlkw702xzlj-ruby-3.3.2",
              "default": true
            },
            {
              "name": "devdoc",
              "path": "/nix/store/gxa302y3mip7s458fbizrwnbcgvhsykr-ruby-3.3.2-devdoc"
            }
          ],
          "store_path": "/nix/store/zzh539x0s6rlr6ph339p3dlkw702xzlj-ruby-3.3.2"
        },
        "x86_64-darwin": {
          "outputs": [
            {
              "name": "out",
              "path": "/nix/store/769wsbpw7m7zx881cdzvcbjv8jshgmw9-ruby-3.3.2",
              "default": true
            },
            {
              "name": "devdoc",
              "path": "/nix/store/4f1bsw4zpv6wn13ifrrf0xjjmk95zn1f-ruby-3.3.2-devdoc"
            }
          ],
          "store_path": "/nix/store/769wsbpw7m7zx881cdzvcbjv8jshgmw9-ruby-3.3.2"
        },
        "x86_64-linux": {
          "outputs": [
            {
              "name": "out",
              "path": "/nix/store/r1a69djxv7mhm40j3cg7gflr0mcnm1c0-ruby-3.3.2",
              "default": true
            },
            {
              "name": "devdoc",
              "path": "/nix/store/g2dbysdpkhh8f32cl9gx1q36bqfi1mgf-ruby-3.3.2-devdoc"
            }
          ],
          "store_path": "/nix/store/r1a69djxv7mhm40j3cg7gflr0mcnm1c0-ruby-3.3.2"
        }
      }
    },
    "sqlite@3.45.3": {
      "last_modified": "2024-06-24T10:03:30Z",
      "resolved": "github:NixOS/nixpkgs/efb39c6052f3ce51587cf19733f5f4e5d515aa13#sqlite",
      "source": "devbox-search",
      "version": "3.45.3",
      "systems": {
        "aarch64-darwin": {
          "outputs": [
            {
              "name": "bin",
              "path": "/nix/store/5wjvy31xkn743cbdwhdqpwprykl4hvxj-sqlite-3.45.3-bin",
              "default": true
            },
            {
              "name": "dev",
              "path": "/nix/store/fka8rjljzvqq09xnv3pr742y1mix1whi-sqlite-3.45.3-dev"
            },
            {
              "name": "out",
              "path": "/nix/store/8dgcwdq4c49ic9mwxgnshjq2skcw7wgq-sqlite-3.45.3"
            }
          ],
          "store_path": "/nix/store/5wjvy31xkn743cbdwhdqpwprykl4hvxj-sqlite-3.45.3-bin"
        },
        "aarch64-linux": {
          "outputs": [
            {
              "name": "bin",
              "path": "/nix/store/ql4kxmnjvsx7cwrj28iv5p4xjmhmyn8q-sqlite-3.45.3-bin",
              "default": true
            },
            {
              "name": "debug",
              "path": "/nix/store/ks52rprbf5hz094fdf6l24llkh6rhnmr-sqlite-3.45.3-debug"
            },
            {
              "name": "dev",
              "path": "/nix/store/d2lgs6mgwvz67bilknz5nn2af5bybnic-sqlite-3.45.3-dev"
            },
            {
              "name": "out",
              "path": "/nix/store/9nszm1vh8d172aa8fw5hrxy8qwhljxii-sqlite-3.45.3"
            }
          ],
          "store_path": "/nix/store/ql4kxmnjvsx7cwrj28iv5p4xjmhmyn8q-sqlite-3.45.3-bin"
        },
        "x86_64-darwin": {
          "outputs": [
            {
              "name": "bin",
              "path": "/nix/store/73gqhvnvb5z608v7mh0c0ml3wy6vbxsd-sqlite-3.45.3-bin",
              "default": true
            },
            {
              "name": "dev",
              "path": "/nix/store/8mfh0lq3vkv7a3cvz23amfwzmly3xzwi-sqlite-3.45.3-dev"
            },
            {
              "name": "out",
              "path": "/nix/store/0fz0dz6k0vzsn0ymqxp55wp1mzp2sd7i-sqlite-3.45.3"
            }
          ],
          "store_path": "/nix/store/73gqhvnvb5z608v7mh0c0ml3wy6vbxsd-sqlite-3.45.3-bin"
        },
        "x86_64-linux": {
          "outputs": [
            {
              "name": "bin",
              "path": "/nix/store/p660mzyik5lvgaa0cdyscc755ypyd79q-sqlite-3.45.3-bin",
              "default": true
            },
            {
              "name": "dev",
              "path": "/nix/store/6pyypmi8jqyln1qw7km9dmbj8nxcsjbi-sqlite-3.45.3-dev"
            },
            {
              "name": "out",
              "path": "/nix/store/q2qjrcwfr07slc0aqw4wjs4x08ik4g52-sqlite-3.45.3"
            },
            {
              "name": "debug",
              "path": "/nix/store/jfkw9f1n3vd442r7ckbl2zsi9w2wqfpc-sqlite-3.45.3-debug"
            }
          ],
          "store_path": "/nix/store/p660mzyik5lvgaa0cdyscc755ypyd79q-sqlite-3.45.3-bin"
        }
      }
    }
  }
}
