{
  "lockfile_version": "1",
  "packages": {
    "jq@latest": {
      "last_modified": "2024-08-04T20:22:49Z",
      "resolved": "github:NixOS/nixpkgs/785feb91183a50959823ff9ba9ef673105259cd5#jq",
      "source": "devbox-search",
      "version": "1.7.1",
      "systems": {
        "aarch64-darwin": {
          "outputs": [
            {
              "name": "bin",
              "path": "/nix/store/d9wxqi1f75zarf9wbiwlli3n0nbqhjd7-jq-1.7.1-bin",
              "default": true
            },
            {
              "name": "man",
              "path": "/nix/store/p0cvcl9a2qxgvlbsmmx26blr9h6k9kwz-jq-1.7.1-man",
              "default": true
            },
            {
              "name": "out",
              "path": "/nix/store/p08mdq0qx0l3yzpnh17ll9dc47bwnvsv-jq-1.7.1"
            },
            {
              "name": "dev",
              "path": "/nix/store/0hz6vhnzw7mfiw3w20cnzq36c2y27n2f-jq-1.7.1-dev"
            },
            {
              "name": "doc",
              "path": "/nix/store/9br49dwjvgdgj0x31c4pv4rq1canwa60-jq-1.7.1-doc"
            },
            {
              "name": "lib",
              "path": "/nix/store/6cd405yg737s18blzgvqzgyw96fl1x0p-jq-1.7.1-lib"
            }
          ],
          "store_path": "/nix/store/d9wxqi1f75zarf9wbiwlli3n0nbqhjd7-jq-1.7.1-bin"
        },
        "aarch64-linux": {
          "outputs": [
            {
              "name": "bin",
              "path": "/nix/store/hd0ngywgcjbn6jnmcnvm0d4lmg0s99l0-jq-1.7.1-bin",
              "default": true
            },
            {
              "name": "man",
              "path": "/nix/store/s4v2nw498ck1rwx2j90gks1ydix9ha3q-jq-1.7.1-man",
              "default": true
            },
            {
              "name": "out",
              "path": "/nix/store/fz0dc5yykkk2lh8d9kndsywqwl68aiy2-jq-1.7.1"
            },
            {
              "name": "dev",
              "path": "/nix/store/w9h3rnm5cgzj90xhbg4p8ki4ns8s0ikl-jq-1.7.1-dev"
            },
            {
              "name": "doc",
              "path": "/nix/store/a0c7dharmysjskkgp0zfkqp3z175b5pg-jq-1.7.1-doc"
            },
            {
              "name": "lib",
              "path": "/nix/store/pp2063qjgqik7k5d6iwwpc8wn52jbick-jq-1.7.1-lib"
            }
          ],
          "store_path": "/nix/store/hd0ngywgcjbn6jnmcnvm0d4lmg0s99l0-jq-1.7.1-bin"
        },
        "x86_64-darwin": {
          "outputs": [
            {
              "name": "bin",
              "path": "/nix/store/kwkps100pvk6s8is34bqp1ycydbn2v7a-jq-1.7.1-bin",
              "default": true
            },
            {
              "name": "man",
              "path": "/nix/store/x46yqlsn1357pcpm7nvbrs863aak2pyb-jq-1.7.1-man",
              "default": true
            },
            {
              "name": "dev",
              "path": "/nix/store/69z4pdr45l1ixix3bjnfyfy1wqfshmby-jq-1.7.1-dev"
            },
            {
              "name": "doc",
              "path": "/nix/store/6qlmlhii37fxxc36c54z5jb3xqjk2fp8-jq-1.7.1-doc"
            },
            {
              "name": "lib",
              "path": "/nix/store/61l4nqvpfpx7ilk9xdjbn2y8knk72kv4-jq-1.7.1-lib"
            },
            {
              "name": "out",
              "path": "/nix/store/5pl3gvxdjpvig6cvv77fzg8asaalx07d-jq-1.7.1"
            }
          ],
          "store_path": "/nix/store/kwkps100pvk6s8is34bqp1ycydbn2v7a-jq-1.7.1-bin"
        },
        "x86_64-linux": {
          "outputs": [
            {
              "name": "bin",
              "path": "/nix/store/axpqa3f5l63mc38h11x1gc5cykw8bn5i-jq-1.7.1-bin",
              "default": true
            },
            {
              "name": "man",
              "path": "/nix/store/wfmw87vqkz2xifc9sb0gvnad1l73qk6v-jq-1.7.1-man",
              "default": true
            },
            {
              "name": "doc",
              "path": "/nix/store/7nx4qp08rd6f92iw377lzrvdhpzslrvy-jq-1.7.1-doc"
            },
            {
              "name": "lib",
              "path": "/nix/store/133fxjd0mqf8x720c2a8cp9175ma0n9x-jq-1.7.1-lib"
            },
            {
              "name": "out",
              "path": "/nix/store/iw31k4crvrhmgykdxy0dyz632h2jhzkz-jq-1.7.1"
            },
            {
              "name": "dev",
              "path": "/nix/store/nnawicd7asp8mn0gsp8j0gxd81y1jasr-jq-1.7.1-dev"
            }
          ],
          "store_path": "/nix/store/axpqa3f5l63mc38h11x1gc5cykw8bn5i-jq-1.7.1-bin"
        }
      }
    },
    "keycloak@latest": {
      "last_modified": "2024-07-31T08:48:38Z",
      "resolved": "github:NixOS/nixpkgs/c3392ad349a5227f4a3464dce87bcc5046692fce#keycloak",
      "source": "devbox-search",
      "version": "25.0.2",
      "systems": {
        "aarch64-darwin": {
          "outputs": [
            {
              "name": "out",
              "path": "/nix/store/dha9rk04gifkdgkbrias4v8mr8blqh0f-keycloak-25.0.2",
              "default": true
            }
          ],
          "store_path": "/nix/store/dha9rk04gifkdgkbrias4v8mr8blqh0f-keycloak-25.0.2"
        },
        "aarch64-linux": {
          "outputs": [
            {
              "name": "out",
              "path": "/nix/store/sy9iwjr86g28l0v2cxbzlkl06gnp0x2q-keycloak-25.0.2",
              "default": true
            }
          ],
          "store_path": "/nix/store/sy9iwjr86g28l0v2cxbzlkl06gnp0x2q-keycloak-25.0.2"
        },
        "x86_64-darwin": {
          "outputs": [
            {
              "name": "out",
              "path": "/nix/store/h1i5zkm2x5l7m1z19wpr4jh21v1x8jd8-keycloak-25.0.2",
              "default": true
            }
          ],
          "store_path": "/nix/store/h1i5zkm2x5l7m1z19wpr4jh21v1x8jd8-keycloak-25.0.2"
        },
        "x86_64-linux": {
          "outputs": [
            {
              "name": "out",
              "path": "/nix/store/6mayy2pk2a9xxkja4c8srm5a3if96x3z-keycloak-25.0.2",
              "default": true
            }
          ],
          "store_path": "/nix/store/6mayy2pk2a9xxkja4c8srm5a3if96x3z-keycloak-25.0.2"
        }
      }
    },
    "libyaml@latest": {
      "last_modified": "2024-11-03T14:18:04Z",
      "resolved": "github:NixOS/nixpkgs/4ae2e647537bcdbb82265469442713d066675275#libyaml",
      "source": "devbox-search",
      "version": "0.2.5",
      "systems": {
        "aarch64-darwin": {
          "outputs": [
            {
              "name": "out",
              "path": "/nix/store/xdk4cpgwxl1r7aclh08ydl1z3dmcbb8p-libyaml-0.2.5",
              "default": true
            },
            {
              "name": "dev",
              "path": "/nix/store/9jm6qvrbv9xkyrmymbakrwzfnxsjjmmk-libyaml-0.2.5-dev"
            }
          ],
          "store_path": "/nix/store/xdk4cpgwxl1r7aclh08ydl1z3dmcbb8p-libyaml-0.2.5"
        },
        "aarch64-linux": {
          "outputs": [
            {
              "name": "out",
              "path": "/nix/store/81hk2jf2dxm8wyjfa7bfcpfwlm43b76i-libyaml-0.2.5",
              "default": true
            },
            {
              "name": "dev",
              "path": "/nix/store/8viih8gri2qs3xin9pbd0anjdl0i1ny1-libyaml-0.2.5-dev"
            }
          ],
          "store_path": "/nix/store/81hk2jf2dxm8wyjfa7bfcpfwlm43b76i-libyaml-0.2.5"
        },
        "x86_64-darwin": {
          "outputs": [
            {
              "name": "out",
              "path": "/nix/store/kq06jp62sz5751cdy943yf1wrpib2gjd-libyaml-0.2.5",
              "default": true
            },
            {
              "name": "dev",
              "path": "/nix/store/w8iw294zzy0m7xy11f7abggwlzv3ai67-libyaml-0.2.5-dev"
            }
          ],
          "store_path": "/nix/store/kq06jp62sz5751cdy943yf1wrpib2gjd-libyaml-0.2.5"
        },
        "x86_64-linux": {
          "outputs": [
            {
              "name": "out",
              "path": "/nix/store/gcf2icrzz30n12mcymkckssk1hhldpd9-libyaml-0.2.5",
              "default": true
            },
            {
              "name": "dev",
              "path": "/nix/store/zm85p0pjhd3ria7m6sjqgq1ym4ysljpw-libyaml-0.2.5-dev"
            }
          ],
          "store_path": "/nix/store/gcf2icrzz30n12mcymkckssk1hhldpd9-libyaml-0.2.5"
        }
      }
    },
    "opentofu@latest": {
      "last_modified": "2024-06-12T20:55:33Z",
      "resolved": "github:NixOS/nixpkgs/a9858885e197f984d92d7fe64e9fff6b2e488d40#opentofu",
      "source": "devbox-search",
      "version": "1.7.2",
      "systems": {
        "aarch64-darwin": {
          "outputs": [
            {
              "name": "out",
              "path": "/nix/store/nlm1s17pndgiv2bszkcx5njpgakz63s5-opentofu-1.7.2",
              "default": true
            }
          ],
          "store_path": "/nix/store/nlm1s17pndgiv2bszkcx5njpgakz63s5-opentofu-1.7.2"
        },
        "aarch64-linux": {
          "outputs": [
            {
              "name": "out",
              "path": "/nix/store/fwkhfwhjlypzrv47c8apia2jqs8c6c08-opentofu-1.7.2",
              "default": true
            }
          ],
          "store_path": "/nix/store/fwkhfwhjlypzrv47c8apia2jqs8c6c08-opentofu-1.7.2"
        },
        "x86_64-darwin": {
          "outputs": [
            {
              "name": "out",
              "path": "/nix/store/pf6vpmbxdanmmh7gj8in59x79180kxxs-opentofu-1.7.2",
              "default": true
            }
          ],
          "store_path": "/nix/store/pf6vpmbxdanmmh7gj8in59x79180kxxs-opentofu-1.7.2"
        },
        "x86_64-linux": {
          "outputs": [
            {
              "name": "out",
              "path": "/nix/store/b4z7g8z3n42lm3c5ydd3haadc0v5drmd-opentofu-1.7.2",
              "default": true
            }
          ],
          "store_path": "/nix/store/b4z7g8z3n42lm3c5ydd3haadc0v5drmd-opentofu-1.7.2"
        }
      }
    },
    "ruby@3.3.5": {
      "last_modified": "2024-11-03T14:18:04Z",
      "plugin_version": "0.0.2",
      "resolved": "github:NixOS/nixpkgs/4ae2e647537bcdbb82265469442713d066675275#ruby",
      "source": "devbox-search",
      "version": "3.3.5",
      "systems": {
        "aarch64-darwin": {
          "outputs": [
            {
              "name": "out",
              "path": "/nix/store/v8ls0ws5j9wlghn7v0mvnxq4fwp5xlgv-ruby-3.3.5",
              "default": true
            },
            {
              "name": "devdoc",
              "path": "/nix/store/5yb1vvik4y7vccdb8fja78dj944bsxhk-ruby-3.3.5-devdoc"
            }
          ],
          "store_path": "/nix/store/v8ls0ws5j9wlghn7v0mvnxq4fwp5xlgv-ruby-3.3.5"
        },
        "aarch64-linux": {
          "outputs": [
            {
              "name": "out",
              "path": "/nix/store/pyb6l1ch48zr4kwp1wy7669aflwbr6hs-ruby-3.3.5",
              "default": true
            },
            {
              "name": "devdoc",
              "path": "/nix/store/jv04q86hk83mmkss25vy4yypnqmna3y8-ruby-3.3.5-devdoc"
            }
          ],
          "store_path": "/nix/store/pyb6l1ch48zr4kwp1wy7669aflwbr6hs-ruby-3.3.5"
        },
        "x86_64-darwin": {
          "outputs": [
            {
              "name": "out",
              "path": "/nix/store/aksb2bb4nfjkznd1l72qbsh1qyb2jvwg-ruby-3.3.5",
              "default": true
            },
            {
              "name": "devdoc",
              "path": "/nix/store/0h2cgyr9z93ygvh6n3qlabghz10axra4-ruby-3.3.5-devdoc"
            }
          ],
          "store_path": "/nix/store/aksb2bb4nfjkznd1l72qbsh1qyb2jvwg-ruby-3.3.5"
        },
        "x86_64-linux": {
          "outputs": [
            {
              "name": "out",
              "path": "/nix/store/zv3lmwvsv80ycb163a20dkcczgblgr71-ruby-3.3.5",
              "default": true
            },
            {
              "name": "devdoc",
              "path": "/nix/store/6y208gd4f6578jls5bdsmy883ps5aybx-ruby-3.3.5-devdoc"
            }
          ],
          "store_path": "/nix/store/zv3lmwvsv80ycb163a20dkcczgblgr71-ruby-3.3.5"
        }
      }
    },
    "sqlite@3.46.1": {
      "last_modified": "2024-11-07T05:50:23Z",
      "resolved": "github:NixOS/nixpkgs/85f7e662eda4fa3a995556527c87b2524b691933#sqlite",
      "source": "devbox-search",
      "version": "3.46.1",
      "systems": {
        "aarch64-darwin": {
          "outputs": [
            {
              "name": "bin",
              "path": "/nix/store/kj48pb4q123csd3cb967g180dql5qiyh-sqlite-3.46.1-bin",
              "default": true
            },
            {
              "name": "out",
              "path": "/nix/store/b21m1d2rb3h446i9n0rxx0g8ahhff8k3-sqlite-3.46.1"
            },
            {
              "name": "dev",
              "path": "/nix/store/jkpilzyz7hm24nplicd48z4kbb4yhnhg-sqlite-3.46.1-dev"
            }
          ],
          "store_path": "/nix/store/kj48pb4q123csd3cb967g180dql5qiyh-sqlite-3.46.1-bin"
        },
        "aarch64-linux": {
          "outputs": [
            {
              "name": "bin",
              "path": "/nix/store/fyqmi69w0825w8wdqxjcfdgx4w9517f9-sqlite-3.46.1-bin",
              "default": true
            },
            {
              "name": "debug",
              "path": "/nix/store/l849zsrjjqa2gn7ydyrna7vjy614f8pg-sqlite-3.46.1-debug"
            },
            {
              "name": "dev",
              "path": "/nix/store/rjhj591wkb6qm8aig8sy5vfxblq39jyl-sqlite-3.46.1-dev"
            },
            {
              "name": "out",
              "path": "/nix/store/fc4xcwmv9832j7k320nq4hfwz12aa7lp-sqlite-3.46.1"
            }
          ],
          "store_path": "/nix/store/fyqmi69w0825w8wdqxjcfdgx4w9517f9-sqlite-3.46.1-bin"
        },
        "x86_64-darwin": {
          "outputs": [
            {
              "name": "bin",
              "path": "/nix/store/wj4dllyrklgq4bcl94a99n42jp6syzzj-sqlite-3.46.1-bin",
              "default": true
            },
            {
              "name": "dev",
              "path": "/nix/store/0whis0vbz1q4bg9n4c78sq4myghzlyhs-sqlite-3.46.1-dev"
            },
            {
              "name": "out",
              "path": "/nix/store/1bhn558qwlf0n1cczrv7jd82ll4pavmd-sqlite-3.46.1"
            }
          ],
          "store_path": "/nix/store/wj4dllyrklgq4bcl94a99n42jp6syzzj-sqlite-3.46.1-bin"
        },
        "x86_64-linux": {
          "outputs": [
            {
              "name": "bin",
              "path": "/nix/store/44gbpzw073f145flkacd4hfn9jbz3m5v-sqlite-3.46.1-bin",
              "default": true
            },
            {
              "name": "dev",
              "path": "/nix/store/khmgspvzvab2593zsdv165wn55fnql96-sqlite-3.46.1-dev"
            },
            {
              "name": "out",
              "path": "/nix/store/b4cqpglpjvkjhb8l4dh1ammpg8gk6h9p-sqlite-3.46.1"
            },
            {
              "name": "debug",
              "path": "/nix/store/maxy4bwlyc3had0n3h4hrp9pjqz8v1rg-sqlite-3.46.1-debug"
            }
          ],
          "store_path": "/nix/store/44gbpzw073f145flkacd4hfn9jbz3m5v-sqlite-3.46.1-bin"
        }
      }
    }
  }
}
